
Microsoft Visual Studio Solution File, Format Version 12.00
# Visual Studio 15
VisualStudioVersion = 15.0.28307.329
MinimumVisualStudioVersion = 10.0.40219.1
Project("{FAE04EC0-301F-11D3-BF4B-00C04F79EFBC}") = "apiEval", "apiEval\apiEval.csproj", "{D6D1C232-10FF-4D62-A0E1-F8BF6A9B13A9}"
EndProject
Global
	GlobalSection(SolutionConfigurationPlatforms) = preSolution
		Debug|Any CPU = Debug|Any CPU
		Release|Any CPU = Release|Any CPU
	EndGlobalSection
	GlobalSection(ProjectConfigurationPlatforms) = postSolution
		{D6D1C232-10FF-4D62-A0E1-F8BF6A9B13A9}.Debug|Any CPU.ActiveCfg = Debug|Any CPU
		{D6D1C232-10FF-4D62-A0E1-F8BF6A9B13A9}.Debug|Any CPU.Build.0 = Debug|Any CPU
		{D6D1C232-10FF-4D62-A0E1-F8BF6A9B13A9}.Release|Any CPU.ActiveCfg = Release|Any CPU
		{D6D1C232-10FF-4D62-A0E1-F8BF6A9B13A9}.Release|Any CPU.Build.0 = Release|Any CPU
	EndGlobalSection
	GlobalSection(SolutionProperties) = preSolution
		HideSolutionNode = FALSE
	EndGlobalSection
	GlobalSection(ExtensibilityGlobals) = postSolution
		SolutionGuid = {9C15233C-A14E-4C70-A2E5-32C55011C5EF}
	EndGlobalSection
EndGlobal
